{
  "name": "projet",
  "lockfileVersion": 2,
  "requires": true,
  "packages": {
    "": {
      "dependencies": {
        "magnet-mouse": "github:fluffy-factory/magnet-mouse"
      }
    },
    "node_modules/magnet-mouse": {
      "version": "1.0.0",
      "resolved": "git+ssh://git@github.com/fluffy-factory/magnet-mouse.git#a57706d069552d874eb0689fc640813e2709a2f3",
      "license": "MIT"
    }
  },
  "dependencies": {
    "magnet-mouse": {
      "version": "git+ssh://git@github.com/fluffy-factory/magnet-mouse.git#a57706d069552d874eb0689fc640813e2709a2f3",
      "from": "magnet-mouse@fluffy-factory/magnet-mouse"
    }
  }
}
