{
  "name": "projet",
  "lockfileVersion": 2,
  "requires": true,
  "packages": {
    "": {
      "dependencies": {
        "gsap": "^3.11.3",
        "intersection-observer": "^0.12.2",
        "magnet-mouse": "github:fluffy-factory/magnet-mouse"
      }
    },
    "node_modules/gsap": {
      "version": "3.11.3",
      "resolved": "https://registry.npmjs.org/gsap/-/gsap-3.11.3.tgz",
      "integrity": "sha512-xc/iIJy+LWiMbRa4IdMtdnnKa/7PXEK6NNzV71gdOYUVeTZN7UWnLU0fB7Hi1iwiz4ZZoYkBZPPYGg+2+zzFHA=="
    },
    "node_modules/intersection-observer": {
      "version": "0.12.2",
      "resolved": "https://registry.npmjs.org/intersection-observer/-/intersection-observer-0.12.2.tgz",
      "integrity": "sha512-7m1vEcPCxXYI8HqnL8CKI6siDyD+eIWSwgB3DZA+ZTogxk9I4CDnj4wilt9x/+/QbHI4YG5YZNmC6458/e9Ktg=="
    },
    "node_modules/magnet-mouse": {
      "version": "1.0.0",
      "resolved": "git+ssh://git@github.com/fluffy-factory/magnet-mouse.git#a57706d069552d874eb0689fc640813e2709a2f3",
      "license": "MIT"
    }
  },
  "dependencies": {
    "gsap": {
      "version": "3.11.3",
      "resolved": "https://registry.npmjs.org/gsap/-/gsap-3.11.3.tgz",
      "integrity": "sha512-xc/iIJy+LWiMbRa4IdMtdnnKa/7PXEK6NNzV71gdOYUVeTZN7UWnLU0fB7Hi1iwiz4ZZoYkBZPPYGg+2+zzFHA=="
    },
    "intersection-observer": {
      "version": "0.12.2",
      "resolved": "https://registry.npmjs.org/intersection-observer/-/intersection-observer-0.12.2.tgz",
      "integrity": "sha512-7m1vEcPCxXYI8HqnL8CKI6siDyD+eIWSwgB3DZA+ZTogxk9I4CDnj4wilt9x/+/QbHI4YG5YZNmC6458/e9Ktg=="
    },
    "magnet-mouse": {
      "version": "git+ssh://git@github.com/fluffy-factory/magnet-mouse.git#a57706d069552d874eb0689fc640813e2709a2f3",
      "from": "magnet-mouse@github:fluffy-factory/magnet-mouse"
    }
  }
}
